
Microsoft Visual Studio Solution File, Format Version 12.00
# Visual Studio Version 17
VisualStudioVersion = 17.2.32526.322
MinimumVisualStudioVersion = 10.0.40219.1
Project("{FAE04EC0-301F-11D3-BF4B-00C04F79EFBC}") = "TodoApi", "TodoApi\TodoApi.csproj", "{ECD5EA2A-574C-42EF-B1AE-059714D0680A}"
EndProject
Global
	GlobalSection(SolutionConfigurationPlatforms) = preSolution
		Debug|Any CPU = Debug|Any CPU
		Release|Any CPU = Release|Any CPU
	EndGlobalSection
	GlobalSection(ProjectConfigurationPlatforms) = postSolution
		{ECD5EA2A-574C-42EF-B1AE-059714D0680A}.Debug|Any CPU.ActiveCfg = Debug|Any CPU
		{ECD5EA2A-574C-42EF-B1AE-059714D0680A}.Debug|Any CPU.Build.0 = Debug|Any CPU
		{ECD5EA2A-574C-42EF-B1AE-059714D0680A}.Release|Any CPU.ActiveCfg = Release|Any CPU
		{ECD5EA2A-574C-42EF-B1AE-059714D0680A}.Release|Any CPU.Build.0 = Release|Any CPU
	EndGlobalSection
	GlobalSection(SolutionProperties) = preSolution
		HideSolutionNode = FALSE
	EndGlobalSection
	GlobalSection(ExtensibilityGlobals) = postSolution
		SolutionGuid = {E94705DD-03B6-444D-8CCC-C986A075C4C1}
	EndGlobalSection
EndGlobal
